
Microsoft Visual Studio Solution File, Format Version 12.00
# Visual Studio Version 16
VisualStudioVersion = 16.0.32106.194
MinimumVisualStudioVersion = 10.0.40219.1
Project("{FAE04EC0-301F-11D3-BF4B-00C04F79EFBC}") = "TechnicalTest.DAL", "DAL.TechnicalTest\TechnicalTest.DAL.csproj", "{FE291146-A36B-44D3-B430-62EEB3D2CF14}"
EndProject
Project("{FAE04EC0-301F-11D3-BF4B-00C04F79EFBC}") = "TechnicalTest.BLL", "BLL.TechnicalTest\TechnicalTest.BLL.csproj", "{39393D38-BEF8-4775-813F-260D70053A5F}"
EndProject
Project("{FAE04EC0-301F-11D3-BF4B-00C04F79EFBC}") = "TechnicalTest.Models", "Models.TechnicalTest\TechnicalTest.Models.csproj", "{B4AA6CC6-8385-421C-8DA6-5DBC32DBFF20}"
EndProject
Project("{FAE04EC0-301F-11D3-BF4B-00C04F79EFBC}") = "TechnicalTest.Web", "TechnicalTest.Web\TechnicalTest.Web.csproj", "{BD57C2FA-1CA0-4509-9609-F8AC91FF2500}"
EndProject
Global
	GlobalSection(SolutionConfigurationPlatforms) = preSolution
		Debug|Any CPU = Debug|Any CPU
		Release|Any CPU = Release|Any CPU
	EndGlobalSection
	GlobalSection(ProjectConfigurationPlatforms) = postSolution
		{FE291146-A36B-44D3-B430-62EEB3D2CF14}.Debug|Any CPU.ActiveCfg = Debug|Any CPU
		{FE291146-A36B-44D3-B430-62EEB3D2CF14}.Debug|Any CPU.Build.0 = Debug|Any CPU
		{FE291146-A36B-44D3-B430-62EEB3D2CF14}.Release|Any CPU.ActiveCfg = Release|Any CPU
		{FE291146-A36B-44D3-B430-62EEB3D2CF14}.Release|Any CPU.Build.0 = Release|Any CPU
		{39393D38-BEF8-4775-813F-260D70053A5F}.Debug|Any CPU.ActiveCfg = Debug|Any CPU
		{39393D38-BEF8-4775-813F-260D70053A5F}.Debug|Any CPU.Build.0 = Debug|Any CPU
		{39393D38-BEF8-4775-813F-260D70053A5F}.Release|Any CPU.ActiveCfg = Release|Any CPU
		{39393D38-BEF8-4775-813F-260D70053A5F}.Release|Any CPU.Build.0 = Release|Any CPU
		{B4AA6CC6-8385-421C-8DA6-5DBC32DBFF20}.Debug|Any CPU.ActiveCfg = Debug|Any CPU
		{B4AA6CC6-8385-421C-8DA6-5DBC32DBFF20}.Debug|Any CPU.Build.0 = Debug|Any CPU
		{B4AA6CC6-8385-421C-8DA6-5DBC32DBFF20}.Release|Any CPU.ActiveCfg = Release|Any CPU
		{B4AA6CC6-8385-421C-8DA6-5DBC32DBFF20}.Release|Any CPU.Build.0 = Release|Any CPU
		{BD57C2FA-1CA0-4509-9609-F8AC91FF2500}.Debug|Any CPU.ActiveCfg = Debug|Any CPU
		{BD57C2FA-1CA0-4509-9609-F8AC91FF2500}.Debug|Any CPU.Build.0 = Debug|Any CPU
		{BD57C2FA-1CA0-4509-9609-F8AC91FF2500}.Release|Any CPU.ActiveCfg = Release|Any CPU
		{BD57C2FA-1CA0-4509-9609-F8AC91FF2500}.Release|Any CPU.Build.0 = Release|Any CPU
	EndGlobalSection
	GlobalSection(SolutionProperties) = preSolution
		HideSolutionNode = FALSE
	EndGlobalSection
	GlobalSection(ExtensibilityGlobals) = postSolution
		SolutionGuid = {CCF2E087-3580-4AE0-99B5-5924BF6A7EC6}
	EndGlobalSection
EndGlobal
